
Microsoft Visual Studio Solution File, Format Version 12.00
# Visual Studio Version 16
VisualStudioVersion = 16.0.29411.108
MinimumVisualStudioVersion = 10.0.40219.1
Project("{FAE04EC0-301F-11D3-BF4B-00C04F79EFBC}") = "CRUD-Alumnos", "CRUD-Alumnos\CRUD-Alumnos.csproj", "{A82930B3-F00C-4DA9-8D6A-15654A437649}"
EndProject
Global
	GlobalSection(SolutionConfigurationPlatforms) = preSolution
		Debug|Any CPU = Debug|Any CPU
		Release|Any CPU = Release|Any CPU
	EndGlobalSection
	GlobalSection(ProjectConfigurationPlatforms) = postSolution
		{A82930B3-F00C-4DA9-8D6A-15654A437649}.Debug|Any CPU.ActiveCfg = Debug|Any CPU
		{A82930B3-F00C-4DA9-8D6A-15654A437649}.Debug|Any CPU.Build.0 = Debug|Any CPU
		{A82930B3-F00C-4DA9-8D6A-15654A437649}.Release|Any CPU.ActiveCfg = Release|Any CPU
		{A82930B3-F00C-4DA9-8D6A-15654A437649}.Release|Any CPU.Build.0 = Release|Any CPU
	EndGlobalSection
	GlobalSection(SolutionProperties) = preSolution
		HideSolutionNode = FALSE
	EndGlobalSection
	GlobalSection(ExtensibilityGlobals) = postSolution
		SolutionGuid = {1B69A08C-77FF-4A90-A25D-061F3ADBD6F8}
	EndGlobalSection
EndGlobal
